// !$*UTF8*$!
{
	archiveVersion = 1;
	classes = {
	};
	objectVersion = 46;
	objects = {

/* Begin PBXBuildFile section */
		0A04E6A91CB93894006A80E5 /* ProtocolManager.swift in Sources */ = {isa = PBXBuildFile; fileRef = 0A04E6A81CB93894006A80E5 /* ProtocolManager.swift */; };
		0A04E6AB1CB9455B006A80E5 /* DataManager.swift in Sources */ = {isa = PBXBuildFile; fileRef = 0A04E6AA1CB9455B006A80E5 /* DataManager.swift */; };
		0A04E6AD1CB94572006A80E5 /* ColorManager.swift in Sources */ = {isa = PBXBuildFile; fileRef = 0A04E6AC1CB94572006A80E5 /* ColorManager.swift */; };
		0A15C0AD1C67A4E100857307 /* CustomTableViewCells.swift in Sources */ = {isa = PBXBuildFile; fileRef = 0A15C0AC1C67A4E100857307 /* CustomTableViewCells.swift */; };
		0A1FF5C91CE8800B007A7069 /* Items.storyboard in Resources */ = {isa = PBXBuildFile; fileRef = 0A1FF5C71CE8800B007A7069 /* Items.storyboard */; };
		0A221CE81CDE03C900CA2CA1 /* SettingsViewController.swift in Sources */ = {isa = PBXBuildFile; fileRef = 0A221CE71CDE03C900CA2CA1 /* SettingsViewController.swift */; };
		0A221CEB1CDE0BBA00CA2CA1 /* AboutViewController.swift in Sources */ = {isa = PBXBuildFile; fileRef = 0A221CEA1CDE0BBA00CA2CA1 /* AboutViewController.swift */; };
		0A22D63B1CF1C626005B82EC /* FinalFantasy.swift in Sources */ = {isa = PBXBuildFile; fileRef = 0A22D63A1CF1C626005B82EC /* FinalFantasy.swift */; };
		0A2535861C52BFF100579102 /* SortingViewController.swift in Sources */ = {isa = PBXBuildFile; fileRef = 0A2535851C52BFF100579102 /* SortingViewController.swift */; };
		0A2AADC41C7905CB008A6AE0 /* CustomNavigationController.swift in Sources */ = {isa = PBXBuildFile; fileRef = 0A2AADC31C7905CB008A6AE0 /* CustomNavigationController.swift */; };
		0A3D6EF81CD4EFDA003F5C42 /* Tutorial.storyboard in Resources */ = {isa = PBXBuildFile; fileRef = 0A3D6EF61CD4EFDA003F5C42 /* Tutorial.storyboard */; };
		0A3D6EFB1CD4F650003F5C42 /* GetStarted.storyboard in Resources */ = {isa = PBXBuildFile; fileRef = 0A3D6EF91CD4F650003F5C42 /* GetStarted.storyboard */; };
		0A3D6EFD1CD4F8F5003F5C42 /* GetStartedViewController.swift in Sources */ = {isa = PBXBuildFile; fileRef = 0A3D6EFC1CD4F8F5003F5C42 /* GetStartedViewController.swift */; };
		0A47D52A1C6642F200DC7296 /* ItemsViewController.swift in Sources */ = {isa = PBXBuildFile; fileRef = 0A47D5291C6642F200DC7296 /* ItemsViewController.swift */; };
		0A4EC11A1D158DAF00D6A6EF /* CloudKitRecordMaker.swift in Sources */ = {isa = PBXBuildFile; fileRef = 0A4EC1191D158DAF00D6A6EF /* CloudKitRecordMaker.swift */; };
		0A4EC11D1D15BDAC00D6A6EF /* StarWars.swift in Sources */ = {isa = PBXBuildFile; fileRef = 0A4EC11C1D15BDAC00D6A6EF /* StarWars.swift */; };
		0A71708B1CB80316005126B4 /* Sorting.storyboard in Resources */ = {isa = PBXBuildFile; fileRef = 0A7170891CB80316005126B4 /* Sorting.storyboard */; };
		0A77D7DA1C67900C00792403 /* DescriptionViewController.swift in Sources */ = {isa = PBXBuildFile; fileRef = 0A77D7D91C67900C00792403 /* DescriptionViewController.swift */; };
		0A7B50811CE74BA30083CCCF /* AddListsViewController.swift in Sources */ = {isa = PBXBuildFile; fileRef = 0A7B50801CE74BA30083CCCF /* AddListsViewController.swift */; };
		0A98C1471CB15D9B00BF7252 /* Settings.storyboard in Resources */ = {isa = PBXBuildFile; fileRef = 0A98C1451CB15D9B00BF7252 /* Settings.storyboard */; };
		0A9A16811C5CDD260000E436 /* TournamentManager.swift in Sources */ = {isa = PBXBuildFile; fileRef = 0A9A16801C5CDD260000E436 /* TournamentManager.swift */; };
		0ABB02E51D624079000E7246 /* Flags.swift in Sources */ = {isa = PBXBuildFile; fileRef = 0ABB02E41D624079000E7246 /* Flags.swift */; };
		0ADF5C0E1CBA9D7400BC74AA /* Helpers.swift in Sources */ = {isa = PBXBuildFile; fileRef = 0ADF5C0D1CBA9D7400BC74AA /* Helpers.swift */; };
		0AE0C83C1CC2AD960085FE30 /* LaunchViewController.swift in Sources */ = {isa = PBXBuildFile; fileRef = 0AE0C83B1CC2AD960085FE30 /* LaunchViewController.swift */; };
		0AE9C1351D05A6060069CDF3 /* Tarantino.swift in Sources */ = {isa = PBXBuildFile; fileRef = 0AE9C1341D05A6060069CDF3 /* Tarantino.swift */; };
		0AF64FA11C4A8129003F8519 /* AppDelegate.swift in Sources */ = {isa = PBXBuildFile; fileRef = 0AF64FA01C4A8129003F8519 /* AppDelegate.swift */; };
		0AF64FA61C4A812A003F8519 /* Collections.storyboard in Resources */ = {isa = PBXBuildFile; fileRef = 0AF64FA41C4A812A003F8519 /* Collections.storyboard */; };
		0AF64FA81C4A812A003F8519 /* Assets.xcassets in Resources */ = {isa = PBXBuildFile; fileRef = 0AF64FA71C4A812A003F8519 /* Assets.xcassets */; };
		0AF64FAB1C4A812A003F8519 /* LaunchScreen.storyboard in Resources */ = {isa = PBXBuildFile; fileRef = 0AF64FA91C4A812A003F8519 /* LaunchScreen.storyboard */; };
		0AF64FB31C4A8294003F8519 /* CollectionsViewController.swift in Sources */ = {isa = PBXBuildFile; fileRef = 0AF64FB21C4A8294003F8519 /* CollectionsViewController.swift */; };
		0AF64FB51C4A830B003F8519 /* Models.swift in Sources */ = {isa = PBXBuildFile; fileRef = 0AF64FB41C4A830B003F8519 /* Models.swift */; };
		0AF64FB91C4A859B003F8519 /* CollectionCreator.swift in Sources */ = {isa = PBXBuildFile; fileRef = 0AF64FB81C4A859B003F8519 /* CollectionCreator.swift */; };
		0AF6739D1CCB878D002F2ED5 /* CloudKit.framework in Frameworks */ = {isa = PBXBuildFile; fileRef = 0AF6739C1CCB878D002F2ED5 /* CloudKit.framework */; };
		0AF6739F1CCB966C002F2ED5 /* CloudKitManager.swift in Sources */ = {isa = PBXBuildFile; fileRef = 0AF6739E1CCB966C002F2ED5 /* CloudKitManager.swift */; };
		0AFD72F31D69C82400D77C0C /* NotificationStrings.swift in Sources */ = {isa = PBXBuildFile; fileRef = 0AFD72F21D69C82400D77C0C /* NotificationStrings.swift */; };
		0AFD72F61D69CAED00D77C0C /* SettingsTableViewCells.swift in Sources */ = {isa = PBXBuildFile; fileRef = 0AFD72F51D69CAED00D77C0C /* SettingsTableViewCells.swift */; };
/* End PBXBuildFile section */

/* Begin PBXFileReference section */
		0A04E6A81CB93894006A80E5 /* ProtocolManager.swift */ = {isa = PBXFileReference; fileEncoding = 4; lastKnownFileType = sourcecode.swift; name = ProtocolManager.swift; path = Managers/ProtocolManager.swift; sourceTree = "<group>"; };
		0A04E6AA1CB9455B006A80E5 /* DataManager.swift */ = {isa = PBXFileReference; fileEncoding = 4; lastKnownFileType = sourcecode.swift; name = DataManager.swift; path = Managers/DataManager.swift; sourceTree = "<group>"; };
		0A04E6AC1CB94572006A80E5 /* ColorManager.swift */ = {isa = PBXFileReference; fileEncoding = 4; lastKnownFileType = sourcecode.swift; name = ColorManager.swift; path = Managers/ColorManager.swift; sourceTree = "<group>"; };
		0A15C0AC1C67A4E100857307 /* CustomTableViewCells.swift */ = {isa = PBXFileReference; fileEncoding = 4; lastKnownFileType = sourcecode.swift; path = CustomTableViewCells.swift; sourceTree = "<group>"; };
		0A1FF5C81CE8800B007A7069 /* Base */ = {isa = PBXFileReference; lastKnownFileType = file.storyboard; name = Base; path = Base.lproj/Items.storyboard; sourceTree = "<group>"; };
		0A221CE71CDE03C900CA2CA1 /* SettingsViewController.swift */ = {isa = PBXFileReference; fileEncoding = 4; lastKnownFileType = sourcecode.swift; name = SettingsViewController.swift; path = Settings/SettingsViewController.swift; sourceTree = "<group>"; };
		0A221CEA1CDE0BBA00CA2CA1 /* AboutViewController.swift */ = {isa = PBXFileReference; fileEncoding = 4; lastKnownFileType = sourcecode.swift; name = AboutViewController.swift; path = Settings/AboutViewController.swift; sourceTree = "<group>"; };
		0A22D63A1CF1C626005B82EC /* FinalFantasy.swift */ = {isa = PBXFileReference; fileEncoding = 4; lastKnownFileType = sourcecode.swift; name = FinalFantasy.swift; path = PremadeCollections/FinalFantasy.swift; sourceTree = "<group>"; };
		0A2535851C52BFF100579102 /* SortingViewController.swift */ = {isa = PBXFileReference; fileEncoding = 4; lastKnownFileType = sourcecode.swift; path = SortingViewController.swift; sourceTree = "<group>"; };
		0A2AADC31C7905CB008A6AE0 /* CustomNavigationController.swift */ = {isa = PBXFileReference; fileEncoding = 4; lastKnownFileType = sourcecode.swift; path = CustomNavigationController.swift; sourceTree = "<group>"; };
		0A3D6EF71CD4EFDA003F5C42 /* Base */ = {isa = PBXFileReference; lastKnownFileType = file.storyboard; name = Base; path = Base.lproj/Tutorial.storyboard; sourceTree = "<group>"; };
		0A3D6EFA1CD4F650003F5C42 /* Base */ = {isa = PBXFileReference; lastKnownFileType = file.storyboard; name = Base; path = Base.lproj/GetStarted.storyboard; sourceTree = "<group>"; };
		0A3D6EFC1CD4F8F5003F5C42 /* GetStartedViewController.swift */ = {isa = PBXFileReference; fileEncoding = 4; lastKnownFileType = sourcecode.swift; name = GetStartedViewController.swift; path = Collections/GetStarted/GetStartedViewController.swift; sourceTree = "<group>"; };
		0A47D5291C6642F200DC7296 /* ItemsViewController.swift */ = {isa = PBXFileReference; fileEncoding = 4; lastKnownFileType = sourcecode.swift; path = ItemsViewController.swift; sourceTree = "<group>"; };
		0A4EC1191D158DAF00D6A6EF /* CloudKitRecordMaker.swift */ = {isa = PBXFileReference; fileEncoding = 4; lastKnownFileType = sourcecode.swift; name = CloudKitRecordMaker.swift; path = Helpers/CloudKitRecordMaker.swift; sourceTree = "<group>"; };
		0A4EC11C1D15BDAC00D6A6EF /* StarWars.swift */ = {isa = PBXFileReference; fileEncoding = 4; lastKnownFileType = sourcecode.swift; name = StarWars.swift; path = PremadeCollections/StarWars.swift; sourceTree = "<group>"; };
		0A71708A1CB80316005126B4 /* Base */ = {isa = PBXFileReference; lastKnownFileType = file.storyboard; name = Base; path = Base.lproj/Sorting.storyboard; sourceTree = "<group>"; };
		0A77D7D91C67900C00792403 /* DescriptionViewController.swift */ = {isa = PBXFileReference; fileEncoding = 4; lastKnownFileType = sourcecode.swift; path = DescriptionViewController.swift; sourceTree = "<group>"; };
		0A7B50801CE74BA30083CCCF /* AddListsViewController.swift */ = {isa = PBXFileReference; fileEncoding = 4; lastKnownFileType = sourcecode.swift; name = AddListsViewController.swift; path = Settings/AddListsViewController.swift; sourceTree = "<group>"; };
		0A98C1461CB15D9B00BF7252 /* Base */ = {isa = PBXFileReference; lastKnownFileType = file.storyboard; name = Base; path = Base.lproj/Settings.storyboard; sourceTree = "<group>"; };
		0A9A16801C5CDD260000E436 /* TournamentManager.swift */ = {isa = PBXFileReference; fileEncoding = 4; lastKnownFileType = sourcecode.swift; path = TournamentManager.swift; sourceTree = "<group>"; };
		0ABB02E41D624079000E7246 /* Flags.swift */ = {isa = PBXFileReference; fileEncoding = 4; lastKnownFileType = sourcecode.swift; name = Flags.swift; path = PremadeCollections/Flags.swift; sourceTree = "<group>"; };
		0ADF5C0D1CBA9D7400BC74AA /* Helpers.swift */ = {isa = PBXFileReference; fileEncoding = 4; lastKnownFileType = sourcecode.swift; name = Helpers.swift; path = Helpers/Helpers.swift; sourceTree = "<group>"; };
		0AE0C83B1CC2AD960085FE30 /* LaunchViewController.swift */ = {isa = PBXFileReference; fileEncoding = 4; lastKnownFileType = sourcecode.swift; path = LaunchViewController.swift; sourceTree = "<group>"; };
		0AE9C1341D05A6060069CDF3 /* Tarantino.swift */ = {isa = PBXFileReference; fileEncoding = 4; lastKnownFileType = sourcecode.swift; name = Tarantino.swift; path = PremadeCollections/Tarantino.swift; sourceTree = "<group>"; };
		0AF64F9D1C4A8129003F8519 /* >.app */ = {isa = PBXFileReference; explicitFileType = wrapper.application; includeInIndex = 0; path = ">.app"; sourceTree = BUILT_PRODUCTS_DIR; };
		0AF64FA01C4A8129003F8519 /* AppDelegate.swift */ = {isa = PBXFileReference; lastKnownFileType = sourcecode.swift; path = AppDelegate.swift; sourceTree = "<group>"; };
		0AF64FA51C4A812A003F8519 /* Base */ = {isa = PBXFileReference; lastKnownFileType = file.storyboard; name = Base; path = Base.lproj/Collections.storyboard; sourceTree = "<group>"; };
		0AF64FA71C4A812A003F8519 /* Assets.xcassets */ = {isa = PBXFileReference; lastKnownFileType = folder.assetcatalog; path = Assets.xcassets; sourceTree = "<group>"; };
		0AF64FAA1C4A812A003F8519 /* Base */ = {isa = PBXFileReference; lastKnownFileType = file.storyboard; name = Base; path = Base.lproj/LaunchScreen.storyboard; sourceTree = "<group>"; };
		0AF64FAC1C4A812A003F8519 /* Info.plist */ = {isa = PBXFileReference; lastKnownFileType = text.plist.xml; path = Info.plist; sourceTree = "<group>"; };
		0AF64FB21C4A8294003F8519 /* CollectionsViewController.swift */ = {isa = PBXFileReference; fileEncoding = 4; lastKnownFileType = sourcecode.swift; path = CollectionsViewController.swift; sourceTree = "<group>"; };
		0AF64FB41C4A830B003F8519 /* Models.swift */ = {isa = PBXFileReference; fileEncoding = 4; lastKnownFileType = sourcecode.swift; path = Models.swift; sourceTree = "<group>"; };
		0AF64FB81C4A859B003F8519 /* CollectionCreator.swift */ = {isa = PBXFileReference; fileEncoding = 4; lastKnownFileType = sourcecode.swift; path = CollectionCreator.swift; sourceTree = "<group>"; };
		0AF6739B1CCB876F002F2ED5 /* >.entitlements */ = {isa = PBXFileReference; lastKnownFileType = text.xml; path = ">.entitlements"; sourceTree = "<group>"; };
		0AF6739C1CCB878D002F2ED5 /* CloudKit.framework */ = {isa = PBXFileReference; lastKnownFileType = wrapper.framework; name = CloudKit.framework; path = System/Library/Frameworks/CloudKit.framework; sourceTree = SDKROOT; };
		0AF6739E1CCB966C002F2ED5 /* CloudKitManager.swift */ = {isa = PBXFileReference; fileEncoding = 4; lastKnownFileType = sourcecode.swift; name = CloudKitManager.swift; path = Managers/CloudKitManager.swift; sourceTree = "<group>"; };
		0AFD72F21D69C82400D77C0C /* NotificationStrings.swift */ = {isa = PBXFileReference; fileEncoding = 4; lastKnownFileType = sourcecode.swift; name = NotificationStrings.swift; path = Helpers/NotificationStrings.swift; sourceTree = "<group>"; };
		0AFD72F51D69CAED00D77C0C /* SettingsTableViewCells.swift */ = {isa = PBXFileReference; fileEncoding = 4; lastKnownFileType = sourcecode.swift; name = SettingsTableViewCells.swift; path = Settings/SettingsTableViewCells.swift; sourceTree = "<group>"; };
/* End PBXFileReference section */

/* Begin PBXFrameworksBuildPhase section */
		0AF64F9A1C4A8129003F8519 /* Frameworks */ = {
			isa = PBXFrameworksBuildPhase;
			buildActionMask = 2147483647;
			files = (
				0AF6739D1CCB878D002F2ED5 /* CloudKit.framework in Frameworks */,
			);
			runOnlyForDeploymentPostprocessing = 0;
		};
/* End PBXFrameworksBuildPhase section */

/* Begin PBXGroup section */
		0A0047EE1C94771B007CBFE7 /* Managers */ = {
			isa = PBXGroup;
			children = (
				0AF64FB41C4A830B003F8519 /* Models.swift */,
				0A04E6AA1CB9455B006A80E5 /* DataManager.swift */,
				0A4EC11B1D15948500D6A6EF /* CloudKit */,
				0A04E6AC1CB94572006A80E5 /* ColorManager.swift */,
				0A9A16801C5CDD260000E436 /* TournamentManager.swift */,
				0A04E6A81CB93894006A80E5 /* ProtocolManager.swift */,
				0ADF5C0D1CBA9D7400BC74AA /* Helpers.swift */,
				0AF64FB81C4A859B003F8519 /* CollectionCreator.swift */,
				0A22D63A1CF1C626005B82EC /* FinalFantasy.swift */,
				0AE9C1341D05A6060069CDF3 /* Tarantino.swift */,
				0A4EC11C1D15BDAC00D6A6EF /* StarWars.swift */,
				0ABB02E41D624079000E7246 /* Flags.swift */,
				0AFD72F41D69C82700D77C0C /* Helpers */,
			);
			name = Managers;
			sourceTree = "<group>";
		};
		0A221CE91CDE03CF00CA2CA1 /* Settings */ = {
			isa = PBXGroup;
			children = (
				0A221CE71CDE03C900CA2CA1 /* SettingsViewController.swift */,
				0AFD72F51D69CAED00D77C0C /* SettingsTableViewCells.swift */,
				0A221CEA1CDE0BBA00CA2CA1 /* AboutViewController.swift */,
				0A7B50801CE74BA30083CCCF /* AddListsViewController.swift */,
			);
			name = Settings;
			sourceTree = "<group>";
		};
		0A26B4861CD63BA600FEC35F /* Collections */ = {
			isa = PBXGroup;
			children = (
				0AF64FB21C4A8294003F8519 /* CollectionsViewController.swift */,
				0A3D6EFC1CD4F8F5003F5C42 /* GetStartedViewController.swift */,
			);
			name = Collections;
			sourceTree = "<group>";
		};
		0A26B4871CD64D9100FEC35F /* Items */ = {
			isa = PBXGroup;
			children = (
				0A47D5291C6642F200DC7296 /* ItemsViewController.swift */,
				0A77D7D91C67900C00792403 /* DescriptionViewController.swift */,
			);
			name = Items;
			sourceTree = "<group>";
		};
		0A4EC11B1D15948500D6A6EF /* CloudKit */ = {
			isa = PBXGroup;
			children = (
				0AF6739E1CCB966C002F2ED5 /* CloudKitManager.swift */,
				0A4EC1191D158DAF00D6A6EF /* CloudKitRecordMaker.swift */,
			);
			name = CloudKit;
			sourceTree = "<group>";
		};
		0A952AE11C9D836E00ED76D7 /* Storyboards */ = {
			isa = PBXGroup;
			children = (
				0AF64FA91C4A812A003F8519 /* LaunchScreen.storyboard */,
				0AF64FA41C4A812A003F8519 /* Collections.storyboard */,
				0A1FF5C71CE8800B007A7069 /* Items.storyboard */,
				0A3D6EF91CD4F650003F5C42 /* GetStarted.storyboard */,
				0A3D6EF61CD4EFDA003F5C42 /* Tutorial.storyboard */,
				0A7170891CB80316005126B4 /* Sorting.storyboard */,
				0A98C1451CB15D9B00BF7252 /* Settings.storyboard */,
			);
			name = Storyboards;
			sourceTree = "<group>";
		};
		0AF64F941C4A8129003F8519 = {
			isa = PBXGroup;
			children = (
				0AF6739C1CCB878D002F2ED5 /* CloudKit.framework */,
				0AF6739B1CCB876F002F2ED5 /* >.entitlements */,
				0AF64F9F1C4A8129003F8519 /* Project Order */,
				0AF64F9E1C4A8129003F8519 /* Products */,
			);
			sourceTree = "<group>";
		};
		0AF64F9E1C4A8129003F8519 /* Products */ = {
			isa = PBXGroup;
			children = (
				0AF64F9D1C4A8129003F8519 /* >.app */,
			);
			name = Products;
			sourceTree = "<group>";
		};
		0AF64F9F1C4A8129003F8519 /* Project Order */ = {
			isa = PBXGroup;
			children = (
				0AF64FA01C4A8129003F8519 /* AppDelegate.swift */,
				0A952AE11C9D836E00ED76D7 /* Storyboards */,
				0A2AADC31C7905CB008A6AE0 /* CustomNavigationController.swift */,
				0AE0C83B1CC2AD960085FE30 /* LaunchViewController.swift */,
				0A221CE91CDE03CF00CA2CA1 /* Settings */,
				0A26B4861CD63BA600FEC35F /* Collections */,
				0A26B4871CD64D9100FEC35F /* Items */,
				0A15C0AC1C67A4E100857307 /* CustomTableViewCells.swift */,
				0A2535851C52BFF100579102 /* SortingViewController.swift */,
				0A0047EE1C94771B007CBFE7 /* Managers */,
				0AF64FA71C4A812A003F8519 /* Assets.xcassets */,
				0AF64FAC1C4A812A003F8519 /* Info.plist */,
			);
			name = "Project Order";
			path = Ranked;
			sourceTree = "<group>";
		};
		0AFD72F41D69C82700D77C0C /* Helpers */ = {
			isa = PBXGroup;
			children = (
				0AFD72F21D69C82400D77C0C /* NotificationStrings.swift */,
			);
			name = Helpers;
			sourceTree = "<group>";
		};
/* End PBXGroup section */

/* Begin PBXNativeTarget section */
		0AF64F9C1C4A8129003F8519 /* > */ = {
			isa = PBXNativeTarget;
			buildConfigurationList = 0AF64FAF1C4A812A003F8519 /* Build configuration list for PBXNativeTarget ">" */;
			buildPhases = (
				0AF64F991C4A8129003F8519 /* Sources */,
				0AF64F9A1C4A8129003F8519 /* Frameworks */,
				0AF64F9B1C4A8129003F8519 /* Resources */,
			);
			buildRules = (
			);
			dependencies = (
			);
			name = ">";
			productName = Ranked;
			productReference = 0AF64F9D1C4A8129003F8519 /* >.app */;
			productType = "com.apple.product-type.application";
		};
/* End PBXNativeTarget section */

/* Begin PBXProject section */
		0AF64F951C4A8129003F8519 /* Project object */ = {
			isa = PBXProject;
			attributes = {
				LastSwiftUpdateCheck = 0720;
				LastUpgradeCheck = 0800;
				ORGANIZATIONNAME = "William Robinson";
				TargetAttributes = {
					0AF64F9C1C4A8129003F8519 = {
						CreatedOnToolsVersion = 7.2;
						DevelopmentTeam = XEN7DUD59Z;
						LastSwiftMigration = 0800;
						SystemCapabilities = {
							com.apple.BackgroundModes = {
								enabled = 1;
							};
							com.apple.Push = {
								enabled = 0;
							};
							com.apple.iCloud = {
								enabled = 1;
							};
						};
					};
				};
			};
			buildConfigurationList = 0AF64F981C4A8129003F8519 /* Build configuration list for PBXProject "Project Order" */;
			compatibilityVersion = "Xcode 3.2";
			developmentRegion = English;
			hasScannedForEncodings = 0;
			knownRegions = (
				en,
				Base,
			);
			mainGroup = 0AF64F941C4A8129003F8519;
			productRefGroup = 0AF64F9E1C4A8129003F8519 /* Products */;
			projectDirPath = "";
			projectRoot = "";
			targets = (
				0AF64F9C1C4A8129003F8519 /* > */,
			);
		};
/* End PBXProject section */

/* Begin PBXResourcesBuildPhase section */
		0AF64F9B1C4A8129003F8519 /* Resources */ = {
			isa = PBXResourcesBuildPhase;
			buildActionMask = 2147483647;
			files = (
				0AF64FAB1C4A812A003F8519 /* LaunchScreen.storyboard in Resources */,
				0A1FF5C91CE8800B007A7069 /* Items.storyboard in Resources */,
				0A71708B1CB80316005126B4 /* Sorting.storyboard in Resources */,
				0AF64FA81C4A812A003F8519 /* Assets.xcassets in Resources */,
				0AF64FA61C4A812A003F8519 /* Collections.storyboard in Resources */,
				0A3D6EFB1CD4F650003F5C42 /* GetStarted.storyboard in Resources */,
				0A3D6EF81CD4EFDA003F5C42 /* Tutorial.storyboard in Resources */,
				0A98C1471CB15D9B00BF7252 /* Settings.storyboard in Resources */,
			);
			runOnlyForDeploymentPostprocessing = 0;
		};
/* End PBXResourcesBuildPhase section */

/* Begin PBXSourcesBuildPhase section */
		0AF64F991C4A8129003F8519 /* Sources */ = {
			isa = PBXSourcesBuildPhase;
			buildActionMask = 2147483647;
			files = (
				0AF64FB91C4A859B003F8519 /* CollectionCreator.swift in Sources */,
				0AE0C83C1CC2AD960085FE30 /* LaunchViewController.swift in Sources */,
				0AE9C1351D05A6060069CDF3 /* Tarantino.swift in Sources */,
				0A7B50811CE74BA30083CCCF /* AddListsViewController.swift in Sources */,
				0A04E6AB1CB9455B006A80E5 /* DataManager.swift in Sources */,
				0A9A16811C5CDD260000E436 /* TournamentManager.swift in Sources */,
				0AF64FB31C4A8294003F8519 /* CollectionsViewController.swift in Sources */,
				0ABB02E51D624079000E7246 /* Flags.swift in Sources */,
				0A2535861C52BFF100579102 /* SortingViewController.swift in Sources */,
				0A4EC11A1D158DAF00D6A6EF /* CloudKitRecordMaker.swift in Sources */,
				0A47D52A1C6642F200DC7296 /* ItemsViewController.swift in Sources */,
				0A04E6AD1CB94572006A80E5 /* ColorManager.swift in Sources */,
				0AF6739F1CCB966C002F2ED5 /* CloudKitManager.swift in Sources */,
				0AFD72F31D69C82400D77C0C /* NotificationStrings.swift in Sources */,
				0AFD72F61D69CAED00D77C0C /* SettingsTableViewCells.swift in Sources */,
				0A221CEB1CDE0BBA00CA2CA1 /* AboutViewController.swift in Sources */,
				0A77D7DA1C67900C00792403 /* DescriptionViewController.swift in Sources */,
				0AF64FA11C4A8129003F8519 /* AppDelegate.swift in Sources */,
				0AF64FB51C4A830B003F8519 /* Models.swift in Sources */,
				0A4EC11D1D15BDAC00D6A6EF /* StarWars.swift in Sources */,
				0ADF5C0E1CBA9D7400BC74AA /* Helpers.swift in Sources */,
				0A22D63B1CF1C626005B82EC /* FinalFantasy.swift in Sources */,
				0A04E6A91CB93894006A80E5 /* ProtocolManager.swift in Sources */,
				0A3D6EFD1CD4F8F5003F5C42 /* GetStartedViewController.swift in Sources */,
				0A2AADC41C7905CB008A6AE0 /* CustomNavigationController.swift in Sources */,
				0A15C0AD1C67A4E100857307 /* CustomTableViewCells.swift in Sources */,
				0A221CE81CDE03C900CA2CA1 /* SettingsViewController.swift in Sources */,
			);
			runOnlyForDeploymentPostprocessing = 0;
		};
/* End PBXSourcesBuildPhase section */

/* Begin PBXVariantGroup section */
		0A1FF5C71CE8800B007A7069 /* Items.storyboard */ = {
			isa = PBXVariantGroup;
			children = (
				0A1FF5C81CE8800B007A7069 /* Base */,
			);
			name = Items.storyboard;
			sourceTree = "<group>";
		};
		0A3D6EF61CD4EFDA003F5C42 /* Tutorial.storyboard */ = {
			isa = PBXVariantGroup;
			children = (
				0A3D6EF71CD4EFDA003F5C42 /* Base */,
			);
			name = Tutorial.storyboard;
			sourceTree = "<group>";
		};
		0A3D6EF91CD4F650003F5C42 /* GetStarted.storyboard */ = {
			isa = PBXVariantGroup;
			children = (
				0A3D6EFA1CD4F650003F5C42 /* Base */,
			);
			name = GetStarted.storyboard;
			sourceTree = "<group>";
		};
		0A7170891CB80316005126B4 /* Sorting.storyboard */ = {
			isa = PBXVariantGroup;
			children = (
				0A71708A1CB80316005126B4 /* Base */,
			);
			name = Sorting.storyboard;
			sourceTree = "<group>";
		};
		0A98C1451CB15D9B00BF7252 /* Settings.storyboard */ = {
			isa = PBXVariantGroup;
			children = (
				0A98C1461CB15D9B00BF7252 /* Base */,
			);
			name = Settings.storyboard;
			sourceTree = "<group>";
		};
		0AF64FA41C4A812A003F8519 /* Collections.storyboard */ = {
			isa = PBXVariantGroup;
			children = (
				0AF64FA51C4A812A003F8519 /* Base */,
			);
			name = Collections.storyboard;
			sourceTree = "<group>";
		};
		0AF64FA91C4A812A003F8519 /* LaunchScreen.storyboard */ = {
			isa = PBXVariantGroup;
			children = (
				0AF64FAA1C4A812A003F8519 /* Base */,
			);
			name = LaunchScreen.storyboard;
			sourceTree = "<group>";
		};
/* End PBXVariantGroup section */

/* Begin XCBuildConfiguration section */
		0AF64FAD1C4A812A003F8519 /* Debug */ = {
			isa = XCBuildConfiguration;
			buildSettings = {
				ALWAYS_SEARCH_USER_PATHS = NO;
				CLANG_CXX_LANGUAGE_STANDARD = "gnu++0x";
				CLANG_CXX_LIBRARY = "libc++";
				CLANG_ENABLE_MODULES = YES;
				CLANG_ENABLE_OBJC_ARC = YES;
				CLANG_WARN_BOOL_CONVERSION = YES;
				CLANG_WARN_CONSTANT_CONVERSION = YES;
				CLANG_WARN_DIRECT_OBJC_ISA_USAGE = YES_ERROR;
				CLANG_WARN_EMPTY_BODY = YES;
				CLANG_WARN_ENUM_CONVERSION = YES;
				CLANG_WARN_INT_CONVERSION = YES;
				CLANG_WARN_OBJC_ROOT_CLASS = YES_ERROR;
				CLANG_WARN_UNREACHABLE_CODE = YES;
				CLANG_WARN__DUPLICATE_METHOD_MATCH = YES;
				"CODE_SIGN_IDENTITY[sdk=iphoneos*]" = "iPhone Developer";
				COPY_PHASE_STRIP = NO;
				DEBUG_INFORMATION_FORMAT = dwarf;
				ENABLE_STRICT_OBJC_MSGSEND = YES;
				ENABLE_TESTABILITY = YES;
				GCC_C_LANGUAGE_STANDARD = gnu99;
				GCC_DYNAMIC_NO_PIC = NO;
				GCC_NO_COMMON_BLOCKS = YES;
				GCC_OPTIMIZATION_LEVEL = 0;
				GCC_PREPROCESSOR_DEFINITIONS = (
					"DEBUG=1",
					"$(inherited)",
				);
				GCC_WARN_64_TO_32_BIT_CONVERSION = YES;
				GCC_WARN_ABOUT_RETURN_TYPE = YES_ERROR;
				GCC_WARN_UNDECLARED_SELECTOR = YES;
				GCC_WARN_UNINITIALIZED_AUTOS = YES_AGGRESSIVE;
				GCC_WARN_UNUSED_FUNCTION = YES;
				GCC_WARN_UNUSED_VARIABLE = YES;
				IPHONEOS_DEPLOYMENT_TARGET = 9.3;
				MTL_ENABLE_DEBUG_INFO = YES;
				ONLY_ACTIVE_ARCH = YES;
				SDKROOT = iphoneos;
				SWIFT_OPTIMIZATION_LEVEL = "-Onone";
				TARGETED_DEVICE_FAMILY = "1,2";
			};
			name = Debug;
		};
		0AF64FAE1C4A812A003F8519 /* Release */ = {
			isa = XCBuildConfiguration;
			buildSettings = {
				ALWAYS_SEARCH_USER_PATHS = NO;
				CLANG_CXX_LANGUAGE_STANDARD = "gnu++0x";
				CLANG_CXX_LIBRARY = "libc++";
				CLANG_ENABLE_MODULES = YES;
				CLANG_ENABLE_OBJC_ARC = YES;
				CLANG_WARN_BOOL_CONVERSION = YES;
				CLANG_WARN_CONSTANT_CONVERSION = YES;
				CLANG_WARN_DIRECT_OBJC_ISA_USAGE = YES_ERROR;
				CLANG_WARN_EMPTY_BODY = YES;
				CLANG_WARN_ENUM_CONVERSION = YES;
				CLANG_WARN_INT_CONVERSION = YES;
				CLANG_WARN_OBJC_ROOT_CLASS = YES_ERROR;
				CLANG_WARN_UNREACHABLE_CODE = YES;
				CLANG_WARN__DUPLICATE_METHOD_MATCH = YES;
				"CODE_SIGN_IDENTITY[sdk=iphoneos*]" = "iPhone Developer";
				COPY_PHASE_STRIP = NO;
				DEBUG_INFORMATION_FORMAT = "dwarf-with-dsym";
				ENABLE_NS_ASSERTIONS = NO;
				ENABLE_STRICT_OBJC_MSGSEND = YES;
				GCC_C_LANGUAGE_STANDARD = gnu99;
				GCC_NO_COMMON_BLOCKS = YES;
				GCC_WARN_64_TO_32_BIT_CONVERSION = YES;
				GCC_WARN_ABOUT_RETURN_TYPE = YES_ERROR;
				GCC_WARN_UNDECLARED_SELECTOR = YES;
				GCC_WARN_UNINITIALIZED_AUTOS = YES_AGGRESSIVE;
				GCC_WARN_UNUSED_FUNCTION = YES;
				GCC_WARN_UNUSED_VARIABLE = YES;
				IPHONEOS_DEPLOYMENT_TARGET = 9.3;
				MTL_ENABLE_DEBUG_INFO = NO;
				SDKROOT = iphoneos;
				TARGETED_DEVICE_FAMILY = "1,2";
				VALIDATE_PRODUCT = YES;
			};
			name = Release;
		};
		0AF64FB01C4A812A003F8519 /* Debug */ = {
			isa = XCBuildConfiguration;
			buildSettings = {
				ASSETCATALOG_COMPILER_APPICON_NAME = AppIcon;
				CODE_SIGN_ENTITLEMENTS = ">.entitlements";
				CODE_SIGN_IDENTITY = "iPhone Developer";
				"CODE_SIGN_IDENTITY[sdk=iphoneos*]" = "iPhone Developer";
				INFOPLIST_FILE = Ranked/Info.plist;
				IPHONEOS_DEPLOYMENT_TARGET = 9.3;
				LD_RUNPATH_SEARCH_PATHS = "$(inherited) @executable_path/Frameworks";
				PRODUCT_BUNDLE_IDENTIFIER = me.williamrobinson.greaterthan;
				PRODUCT_NAME = "$(TARGET_NAME)";
				PROVISIONING_PROFILE = "";
				SWIFT_VERSION = 3.0;
				TARGETED_DEVICE_FAMILY = 1;
			};
			name = Debug;
		};
		0AF64FB11C4A812A003F8519 /* Release */ = {
			isa = XCBuildConfiguration;
			buildSettings = {
				ASSETCATALOG_COMPILER_APPICON_NAME = AppIcon;
				CODE_SIGN_ENTITLEMENTS = ">.entitlements";
				CODE_SIGN_IDENTITY = "iPhone Developer";
				"CODE_SIGN_IDENTITY[sdk=iphoneos*]" = "iPhone Developer";
				INFOPLIST_FILE = Ranked/Info.plist;
				IPHONEOS_DEPLOYMENT_TARGET = 9.3;
				LD_RUNPATH_SEARCH_PATHS = "$(inherited) @executable_path/Frameworks";
				PRODUCT_BUNDLE_IDENTIFIER = me.williamrobinson.greaterthan;
				PRODUCT_NAME = "$(TARGET_NAME)";
				PROVISIONING_PROFILE = "";
				SWIFT_OPTIMIZATION_LEVEL = "-Owholemodule";
				SWIFT_VERSION = 3.0;
				TARGETED_DEVICE_FAMILY = 1;
			};
			name = Release;
		};
/* End XCBuildConfiguration section */

/* Begin XCConfigurationList section */
		0AF64F981C4A8129003F8519 /* Build configuration list for PBXProject "Project Order" */ = {
			isa = XCConfigurationList;
			buildConfigurations = (
				0AF64FAD1C4A812A003F8519 /* Debug */,
				0AF64FAE1C4A812A003F8519 /* Release */,
			);
			defaultConfigurationIsVisible = 0;
			defaultConfigurationName = Release;
		};
		0AF64FAF1C4A812A003F8519 /* Build configuration list for PBXNativeTarget ">" */ = {
			isa = XCConfigurationList;
			buildConfigurations = (
				0AF64FB01C4A812A003F8519 /* Debug */,
				0AF64FB11C4A812A003F8519 /* Release */,
			);
			defaultConfigurationIsVisible = 0;
			defaultConfigurationName = Release;
		};
/* End XCConfigurationList section */
	};
	rootObject = 0AF64F951C4A8129003F8519 /* Project object */;
}
